# This file was autogenerated by Stack.
# You should not edit this file by hand.
# For more information, please see the documentation at:
#   https://docs.haskellstack.org/en/stable/lock_files

packages:
- completed:
    size: 3777
    url: https://github.com/reouno/persistent-util/archive/0.3.2.14.14.tar.gz
    cabal-file:
      size: 1024
      sha256: 05c723cffafcd30ec0b7ae58c490427deb8156582a7b292e03ab63a854572dd8
    name: persistent-util
    version: 0.3.2.14.14
    sha256: 42b26a3241c6df1481850c7ac824e4a90fca616be90f8216546ca53e825c695c
    pantry-tree:
      size: 632
      sha256: 218f310c3314861bd1b52951a985a1e1e855d5f3d658dff5c998592bbee734d7
  original:
    url: https://github.com/reouno/persistent-util/archive/0.3.2.14.14.tar.gz
- completed:
    size: 3715
    url: https://github.com/reouno/servant-util/archive/0.3.1.14.14.tar.gz
    cabal-file:
      size: 821
      sha256: a57383fca9d2352cef07a7ed66a8e4a0f2f5227b1933210848fb61321fa16282
    name: servant-util
    version: 0.3.1.14.14
    sha256: 4fce77bd06fbcb148e25f4f8daa71157e4ad5aa084028ab85a9f73541fed02f5
    pantry-tree:
      size: 545
      sha256: 34e3fb99f66dc6d491ad67f66623df102698c5a9765d31b3183ac29631290c90
  original:
    url: https://github.com/reouno/servant-util/archive/0.3.1.14.14.tar.gz
- completed:
    hackage: extensible-0.6.1@sha256:d73a5dc13bd00f44ace729f83ce868e81a45ea31c7453a6f8a4a9b5b0591d600,2860
    pantry-tree:
      size: 2354
      sha256: 9fadd24af89df601f19d57893b513d1742a1942670d6d2e73e79fb4b7aabce65
  original:
    hackage: extensible-0.6.1@sha256:d73a5dc13bd00f44ace729f83ce868e81a45ea31c7453a6f8a4a9b5b0591d600,2860
- completed:
    hackage: membership-0@sha256:3a11d8fd53cb1a76bb9273e6c929bbf9d649f109714bf487abb3143be04ddc81,995
    pantry-tree:
      size: 408
      sha256: 3b593e0d14e848e318e745555776ebb25210e5e3dec4fde5d3c08ab51ceddc62
  original:
    hackage: membership-0@sha256:3a11d8fd53cb1a76bb9273e6c929bbf9d649f109714bf487abb3143be04ddc81,995
snapshots:
- completed:
    size: 524154
    url: https://raw.githubusercontent.com/commercialhaskell/stackage-snapshots/master/lts/14/20.yaml
    sha256: 2f5099f69ddb6abfe64400fe1e6a604e8e628f55e6837211cd70a81eb0a8fa4d
  original: lts-14.20
