# This file was autogenerated by Stack.
# You should not edit this file by hand.
# For more information, please see the documentation at:
#   https://docs.haskellstack.org/en/stable/lock_files

packages:
- completed:
    size: 3800
    url: https://github.com/reouno/persistent-util/archive/0.3.0.14.14.tar.gz
    cabal-file:
      size: 1024
      sha256: 2fc67ba4aab4517e050b1da7aaf6fd4d126ed4616c27852e84ed5fccc6a64af4
    name: persistent-util
    version: 0.3.0.14.14
    sha256: dac2ae90c56489474cff1eefda7e321ae69754d85b1b70a8431a510c62353710
    pantry-tree:
      size: 632
      sha256: 9456c9456d824cd7b7439b097f3683a8d900b997f607db6ace4b089e8ea45dba
  original:
    url: https://github.com/reouno/persistent-util/archive/0.3.0.14.14.tar.gz
- completed:
    size: 3715
    url: https://github.com/reouno/servant-util/archive/0.3.1.14.14.tar.gz
    cabal-file:
      size: 821
      sha256: a57383fca9d2352cef07a7ed66a8e4a0f2f5227b1933210848fb61321fa16282
    name: servant-util
    version: 0.3.1.14.14
    sha256: 4fce77bd06fbcb148e25f4f8daa71157e4ad5aa084028ab85a9f73541fed02f5
    pantry-tree:
      size: 545
      sha256: 34e3fb99f66dc6d491ad67f66623df102698c5a9765d31b3183ac29631290c90
  original:
    url: https://github.com/reouno/servant-util/archive/0.3.1.14.14.tar.gz
- completed:
    hackage: extensible-0.6.1@sha256:d73a5dc13bd00f44ace729f83ce868e81a45ea31c7453a6f8a4a9b5b0591d600,2860
    pantry-tree:
      size: 2354
      sha256: 9fadd24af89df601f19d57893b513d1742a1942670d6d2e73e79fb4b7aabce65
  original:
    hackage: extensible-0.6.1@sha256:d73a5dc13bd00f44ace729f83ce868e81a45ea31c7453a6f8a4a9b5b0591d600,2860
- completed:
    hackage: membership-0@sha256:3a11d8fd53cb1a76bb9273e6c929bbf9d649f109714bf487abb3143be04ddc81,995
    pantry-tree:
      size: 408
      sha256: 3b593e0d14e848e318e745555776ebb25210e5e3dec4fde5d3c08ab51ceddc62
  original:
    hackage: membership-0@sha256:3a11d8fd53cb1a76bb9273e6c929bbf9d649f109714bf487abb3143be04ddc81,995
snapshots:
- completed:
    size: 525663
    url: https://raw.githubusercontent.com/commercialhaskell/stackage-snapshots/master/lts/14/14.yaml
    sha256: 6edc48df46eb8bf7b861e98dd30d021a92c2e1820c9bb6528aac5d997b0e14ef
  original: lts-14.14
